
Microsoft Visual Studio Solution File, Format Version 12.00
# Visual Studio Version 17
VisualStudioVersion = 17.7.34221.43
MinimumVisualStudioVersion = 10.0.40219.1
Project("{FAE04EC0-301F-11D3-BF4B-00C04F79EFBC}") = "LeadershipElectionMechanism.Core", "LeadershipElectionMechanism.Core\LeadershipElectionMechanism.Core.csproj", "{7AE1F1D3-D28D-4274-9360-63A4B631A4DA}"
EndProject
Project("{FAE04EC0-301F-11D3-BF4B-00C04F79EFBC}") = "LeadershipElectionMechanism.Web", "LeadershipElectionMechanism.Web\LeadershipElectionMechanism.Web.csproj", "{C9B44CF1-B400-45AD-BDD7-AE362E8882BB}"
EndProject
Global
	GlobalSection(SolutionConfigurationPlatforms) = preSolution
		Debug|Any CPU = Debug|Any CPU
		Release|Any CPU = Release|Any CPU
	EndGlobalSection
	GlobalSection(ProjectConfigurationPlatforms) = postSolution
		{7AE1F1D3-D28D-4274-9360-63A4B631A4DA}.Debug|Any CPU.ActiveCfg = Debug|Any CPU
		{7AE1F1D3-D28D-4274-9360-63A4B631A4DA}.Debug|Any CPU.Build.0 = Debug|Any CPU
		{7AE1F1D3-D28D-4274-9360-63A4B631A4DA}.Release|Any CPU.ActiveCfg = Release|Any CPU
		{7AE1F1D3-D28D-4274-9360-63A4B631A4DA}.Release|Any CPU.Build.0 = Release|Any CPU
		{C9B44CF1-B400-45AD-BDD7-AE362E8882BB}.Debug|Any CPU.ActiveCfg = Debug|Any CPU
		{C9B44CF1-B400-45AD-BDD7-AE362E8882BB}.Debug|Any CPU.Build.0 = Debug|Any CPU
		{C9B44CF1-B400-45AD-BDD7-AE362E8882BB}.Release|Any CPU.ActiveCfg = Release|Any CPU
		{C9B44CF1-B400-45AD-BDD7-AE362E8882BB}.Release|Any CPU.Build.0 = Release|Any CPU
	EndGlobalSection
	GlobalSection(SolutionProperties) = preSolution
		HideSolutionNode = FALSE
	EndGlobalSection
	GlobalSection(ExtensibilityGlobals) = postSolution
		SolutionGuid = {66A99488-0A05-4A56-A964-DC723A775382}
	EndGlobalSection
EndGlobal
